
Microsoft Visual Studio Solution File, Format Version 12.00
Project("{FAE04EC0-301F-11D3-BF4B-00C04F79EFBC}") = "HelloWorldApi", "HelloWorldApi.csproj", "{A01D3582-CA6F-466E-B275-34FDEBE7C6F1}"
EndProject
Global
	GlobalSection(SolutionConfigurationPlatforms) = preSolution
		Debug|Any CPU = Debug|Any CPU
		Release|Any CPU = Release|Any CPU
	EndGlobalSection
	GlobalSection(ProjectConfigurationPlatforms) = postSolution
		{A01D3582-CA6F-466E-B275-34FDEBE7C6F1}.Debug|Any CPU.ActiveCfg = Debug|Any CPU
		{A01D3582-CA6F-466E-B275-34FDEBE7C6F1}.Debug|Any CPU.Build.0 = Debug|Any CPU
		{A01D3582-CA6F-466E-B275-34FDEBE7C6F1}.Release|Any CPU.ActiveCfg = Release|Any CPU
		{A01D3582-CA6F-466E-B275-34FDEBE7C6F1}.Release|Any CPU.Build.0 = Release|Any CPU
	EndGlobalSection
EndGlobal
