
Microsoft Visual Studio Solution File, Format Version 12.00
Project("{FAE04EC0-301F-11D3-BF4B-00C04F79EFBC}") = "HttpTelegramNotifier", "HttpTelegramNotifier.csproj", "{D358504B-64E8-476E-A464-7412407FDB81}"
EndProject
Global
	GlobalSection(SolutionConfigurationPlatforms) = preSolution
		Debug|Any CPU = Debug|Any CPU
		Release|Any CPU = Release|Any CPU
	EndGlobalSection
	GlobalSection(ProjectConfigurationPlatforms) = postSolution
		{D358504B-64E8-476E-A464-7412407FDB81}.Debug|Any CPU.ActiveCfg = Debug|Any CPU
		{D358504B-64E8-476E-A464-7412407FDB81}.Debug|Any CPU.Build.0 = Debug|Any CPU
		{D358504B-64E8-476E-A464-7412407FDB81}.Release|Any CPU.ActiveCfg = Release|Any CPU
		{D358504B-64E8-476E-A464-7412407FDB81}.Release|Any CPU.Build.0 = Release|Any CPU
	EndGlobalSection
EndGlobal
